// !$*UTF8*$!
{
	archiveVersion = 1;
	classes = {
	};
	objectVersion = 51;
	objects = {

/* Begin PBXBuildFile section */
		2E40173151B0DB6E2491D442 /* Pods_FlixTests.framework in Frameworks */ = {isa = PBXBuildFile; fileRef = CB3EE9E5157B0EB4ACDDCEFA /* Pods_FlixTests.framework */; };
		BE95DD2D65B68E39F184A07E /* Pods_Flix_FlixUITests.framework in Frameworks */ = {isa = PBXBuildFile; fileRef = FE73ED1006931E7A64A0B686 /* Pods_Flix_FlixUITests.framework */; };
		D6AEBE0C1EEFF5DE34B6A589 /* Pods_Flix.framework in Frameworks */ = {isa = PBXBuildFile; fileRef = C23D7949BCAE70271F1F5C6B /* Pods_Flix.framework */; };
		F71CC00125D77D150043146D /* MovieCell.swift in Sources */ = {isa = PBXBuildFile; fileRef = F71CC00025D77D150043146D /* MovieCell.swift */; };
		F76F507925D7310E0096A5D2 /* AppDelegate.swift in Sources */ = {isa = PBXBuildFile; fileRef = F76F507825D7310E0096A5D2 /* AppDelegate.swift */; };
		F76F507B25D7310E0096A5D2 /* SceneDelegate.swift in Sources */ = {isa = PBXBuildFile; fileRef = F76F507A25D7310E0096A5D2 /* SceneDelegate.swift */; };
		F76F507D25D7310E0096A5D2 /* ViewController.swift in Sources */ = {isa = PBXBuildFile; fileRef = F76F507C25D7310E0096A5D2 /* ViewController.swift */; };
		F76F508025D7310E0096A5D2 /* Main.storyboard in Resources */ = {isa = PBXBuildFile; fileRef = F76F507E25D7310E0096A5D2 /* Main.storyboard */; };
		F76F508225D731110096A5D2 /* Assets.xcassets in Resources */ = {isa = PBXBuildFile; fileRef = F76F508125D731110096A5D2 /* Assets.xcassets */; };
		F76F508525D731110096A5D2 /* LaunchScreen.storyboard in Resources */ = {isa = PBXBuildFile; fileRef = F76F508325D731110096A5D2 /* LaunchScreen.storyboard */; };
		F76F509025D731110096A5D2 /* FlixTests.swift in Sources */ = {isa = PBXBuildFile; fileRef = F76F508F25D731110096A5D2 /* FlixTests.swift */; };
		F76F509B25D731110096A5D2 /* FlixUITests.swift in Sources */ = {isa = PBXBuildFile; fileRef = F76F509A25D731110096A5D2 /* FlixUITests.swift */; };
		F76F50AC25D759A70096A5D2 /* MovieViewController.swift in Sources */ = {isa = PBXBuildFile; fileRef = F76F50AB25D759A70096A5D2 /* MovieViewController.swift */; };
		F7AD3C6025E08B7E00EE2488 /* MovieDetailsViewController.swift in Sources */ = {isa = PBXBuildFile; fileRef = F7AD3C5F25E08B7E00EE2488 /* MovieDetailsViewController.swift */; };
		F7AD3C6825E0B9C200EE2488 /* MovieGridViewController.swift in Sources */ = {isa = PBXBuildFile; fileRef = F7AD3C6725E0B9C200EE2488 /* MovieGridViewController.swift */; };
		F7AD3C7525E0C20900EE2488 /* MovieGridCell.swift in Sources */ = {isa = PBXBuildFile; fileRef = F7AD3C7425E0C20900EE2488 /* MovieGridCell.swift */; };
/* End PBXBuildFile section */

/* Begin PBXContainerItemProxy section */
		F76F508C25D731110096A5D2 /* PBXContainerItemProxy */ = {
			isa = PBXContainerItemProxy;
			containerPortal = F76F506D25D7310E0096A5D2 /* Project object */;
			proxyType = 1;
			remoteGlobalIDString = F76F507425D7310E0096A5D2;
			remoteInfo = Flix;
		};
		F76F509725D731110096A5D2 /* PBXContainerItemProxy */ = {
			isa = PBXContainerItemProxy;
			containerPortal = F76F506D25D7310E0096A5D2 /* Project object */;
			proxyType = 1;
			remoteGlobalIDString = F76F507425D7310E0096A5D2;
			remoteInfo = Flix;
		};
/* End PBXContainerItemProxy section */

/* Begin PBXFileReference section */
		17CD7EADB7CE6B2D0C2EC800 /* Pods-FlixTests.debug.xcconfig */ = {isa = PBXFileReference; includeInIndex = 1; lastKnownFileType = text.xcconfig; name = "Pods-FlixTests.debug.xcconfig"; path = "Target Support Files/Pods-FlixTests/Pods-FlixTests.debug.xcconfig"; sourceTree = "<group>"; };
		7916B0A9E4A0B7BE408A91CB /* Pods-Flix-FlixUITests.release.xcconfig */ = {isa = PBXFileReference; includeInIndex = 1; lastKnownFileType = text.xcconfig; name = "Pods-Flix-FlixUITests.release.xcconfig"; path = "Target Support Files/Pods-Flix-FlixUITests/Pods-Flix-FlixUITests.release.xcconfig"; sourceTree = "<group>"; };
		A3B8066BE113507BC72BB12A /* Pods-FlixTests.release.xcconfig */ = {isa = PBXFileReference; includeInIndex = 1; lastKnownFileType = text.xcconfig; name = "Pods-FlixTests.release.xcconfig"; path = "Target Support Files/Pods-FlixTests/Pods-FlixTests.release.xcconfig"; sourceTree = "<group>"; };
		A95D998F2E86FF1138E3EF1C /* Pods-Flix.debug.xcconfig */ = {isa = PBXFileReference; includeInIndex = 1; lastKnownFileType = text.xcconfig; name = "Pods-Flix.debug.xcconfig"; path = "Target Support Files/Pods-Flix/Pods-Flix.debug.xcconfig"; sourceTree = "<group>"; };
		BC0FA23A81CABB0A45D2FB5A /* Pods-Flix.release.xcconfig */ = {isa = PBXFileReference; includeInIndex = 1; lastKnownFileType = text.xcconfig; name = "Pods-Flix.release.xcconfig"; path = "Target Support Files/Pods-Flix/Pods-Flix.release.xcconfig"; sourceTree = "<group>"; };
		C023E2828161DD9706672C08 /* Pods-Flix-FlixUITests.debug.xcconfig */ = {isa = PBXFileReference; includeInIndex = 1; lastKnownFileType = text.xcconfig; name = "Pods-Flix-FlixUITests.debug.xcconfig"; path = "Target Support Files/Pods-Flix-FlixUITests/Pods-Flix-FlixUITests.debug.xcconfig"; sourceTree = "<group>"; };
		C23D7949BCAE70271F1F5C6B /* Pods_Flix.framework */ = {isa = PBXFileReference; explicitFileType = wrapper.framework; includeInIndex = 0; path = Pods_Flix.framework; sourceTree = BUILT_PRODUCTS_DIR; };
		CB3EE9E5157B0EB4ACDDCEFA /* Pods_FlixTests.framework */ = {isa = PBXFileReference; explicitFileType = wrapper.framework; includeInIndex = 0; path = Pods_FlixTests.framework; sourceTree = BUILT_PRODUCTS_DIR; };
		F71CC00025D77D150043146D /* MovieCell.swift */ = {isa = PBXFileReference; lastKnownFileType = sourcecode.swift; path = MovieCell.swift; sourceTree = "<group>"; };
		F76F507525D7310E0096A5D2 /* Flix.app */ = {isa = PBXFileReference; explicitFileType = wrapper.application; includeInIndex = 0; path = Flix.app; sourceTree = BUILT_PRODUCTS_DIR; };
		F76F507825D7310E0096A5D2 /* AppDelegate.swift */ = {isa = PBXFileReference; lastKnownFileType = sourcecode.swift; path = AppDelegate.swift; sourceTree = "<group>"; };
		F76F507A25D7310E0096A5D2 /* SceneDelegate.swift */ = {isa = PBXFileReference; lastKnownFileType = sourcecode.swift; path = SceneDelegate.swift; sourceTree = "<group>"; };
		F76F507C25D7310E0096A5D2 /* ViewController.swift */ = {isa = PBXFileReference; lastKnownFileType = sourcecode.swift; path = ViewController.swift; sourceTree = "<group>"; };
		F76F507F25D7310E0096A5D2 /* Base */ = {isa = PBXFileReference; lastKnownFileType = file.storyboard; name = Base; path = Base.lproj/Main.storyboard; sourceTree = "<group>"; };
		F76F508125D731110096A5D2 /* Assets.xcassets */ = {isa = PBXFileReference; lastKnownFileType = folder.assetcatalog; path = Assets.xcassets; sourceTree = "<group>"; };
		F76F508425D731110096A5D2 /* Base */ = {isa = PBXFileReference; lastKnownFileType = file.storyboard; name = Base; path = Base.lproj/LaunchScreen.storyboard; sourceTree = "<group>"; };
		F76F508625D731110096A5D2 /* Info.plist */ = {isa = PBXFileReference; lastKnownFileType = text.plist.xml; path = Info.plist; sourceTree = "<group>"; };
		F76F508B25D731110096A5D2 /* FlixTests.xctest */ = {isa = PBXFileReference; explicitFileType = wrapper.cfbundle; includeInIndex = 0; path = FlixTests.xctest; sourceTree = BUILT_PRODUCTS_DIR; };
		F76F508F25D731110096A5D2 /* FlixTests.swift */ = {isa = PBXFileReference; lastKnownFileType = sourcecode.swift; path = FlixTests.swift; sourceTree = "<group>"; };
		F76F509125D731110096A5D2 /* Info.plist */ = {isa = PBXFileReference; lastKnownFileType = text.plist.xml; path = Info.plist; sourceTree = "<group>"; };
		F76F509625D731110096A5D2 /* FlixUITests.xctest */ = {isa = PBXFileReference; explicitFileType = wrapper.cfbundle; includeInIndex = 0; path = FlixUITests.xctest; sourceTree = BUILT_PRODUCTS_DIR; };
		F76F509A25D731110096A5D2 /* FlixUITests.swift */ = {isa = PBXFileReference; lastKnownFileType = sourcecode.swift; path = FlixUITests.swift; sourceTree = "<group>"; };
		F76F509C25D731110096A5D2 /* Info.plist */ = {isa = PBXFileReference; lastKnownFileType = text.plist.xml; path = Info.plist; sourceTree = "<group>"; };
		F76F50AB25D759A70096A5D2 /* MovieViewController.swift */ = {isa = PBXFileReference; lastKnownFileType = sourcecode.swift; path = MovieViewController.swift; sourceTree = "<group>"; };
		F7AD3C5F25E08B7E00EE2488 /* MovieDetailsViewController.swift */ = {isa = PBXFileReference; lastKnownFileType = sourcecode.swift; path = MovieDetailsViewController.swift; sourceTree = "<group>"; };
		F7AD3C6725E0B9C200EE2488 /* MovieGridViewController.swift */ = {isa = PBXFileReference; lastKnownFileType = sourcecode.swift; path = MovieGridViewController.swift; sourceTree = "<group>"; };
		F7AD3C7425E0C20900EE2488 /* MovieGridCell.swift */ = {isa = PBXFileReference; lastKnownFileType = sourcecode.swift; path = MovieGridCell.swift; sourceTree = "<group>"; };
		FE73ED1006931E7A64A0B686 /* Pods_Flix_FlixUITests.framework */ = {isa = PBXFileReference; explicitFileType = wrapper.framework; includeInIndex = 0; path = Pods_Flix_FlixUITests.framework; sourceTree = BUILT_PRODUCTS_DIR; };
/* End PBXFileReference section */

/* Begin PBXFrameworksBuildPhase section */
		F76F507225D7310E0096A5D2 /* Frameworks */ = {
			isa = PBXFrameworksBuildPhase;
			buildActionMask = 2147483647;
			files = (
				D6AEBE0C1EEFF5DE34B6A589 /* Pods_Flix.framework in Frameworks */,
			);
			runOnlyForDeploymentPostprocessing = 0;
		};
		F76F508825D731110096A5D2 /* Frameworks */ = {
			isa = PBXFrameworksBuildPhase;
			buildActionMask = 2147483647;
			files = (
				2E40173151B0DB6E2491D442 /* Pods_FlixTests.framework in Frameworks */,
			);
			runOnlyForDeploymentPostprocessing = 0;
		};
		F76F509325D731110096A5D2 /* Frameworks */ = {
			isa = PBXFrameworksBuildPhase;
			buildActionMask = 2147483647;
			files = (
				BE95DD2D65B68E39F184A07E /* Pods_Flix_FlixUITests.framework in Frameworks */,
			);
			runOnlyForDeploymentPostprocessing = 0;
		};
/* End PBXFrameworksBuildPhase section */

/* Begin PBXGroup section */
		2C4AD54260C4B369A8697E5B /* Frameworks */ = {
			isa = PBXGroup;
			children = (
				C23D7949BCAE70271F1F5C6B /* Pods_Flix.framework */,
				FE73ED1006931E7A64A0B686 /* Pods_Flix_FlixUITests.framework */,
				CB3EE9E5157B0EB4ACDDCEFA /* Pods_FlixTests.framework */,
			);
			name = Frameworks;
			sourceTree = "<group>";
		};
		302011E0C6CE873A76A4AB43 /* Pods */ = {
			isa = PBXGroup;
			children = (
				A95D998F2E86FF1138E3EF1C /* Pods-Flix.debug.xcconfig */,
				BC0FA23A81CABB0A45D2FB5A /* Pods-Flix.release.xcconfig */,
				C023E2828161DD9706672C08 /* Pods-Flix-FlixUITests.debug.xcconfig */,
				7916B0A9E4A0B7BE408A91CB /* Pods-Flix-FlixUITests.release.xcconfig */,
				17CD7EADB7CE6B2D0C2EC800 /* Pods-FlixTests.debug.xcconfig */,
				A3B8066BE113507BC72BB12A /* Pods-FlixTests.release.xcconfig */,
			);
			path = Pods;
			sourceTree = "<group>";
		};
		F76F506C25D7310E0096A5D2 = {
			isa = PBXGroup;
			children = (
				F76F507725D7310E0096A5D2 /* Flix */,
				F76F508E25D731110096A5D2 /* FlixTests */,
				F76F509925D731110096A5D2 /* FlixUITests */,
				F76F507625D7310E0096A5D2 /* Products */,
				302011E0C6CE873A76A4AB43 /* Pods */,
				2C4AD54260C4B369A8697E5B /* Frameworks */,
			);
			sourceTree = "<group>";
		};
		F76F507625D7310E0096A5D2 /* Products */ = {
			isa = PBXGroup;
			children = (
				F76F507525D7310E0096A5D2 /* Flix.app */,
				F76F508B25D731110096A5D2 /* FlixTests.xctest */,
				F76F509625D731110096A5D2 /* FlixUITests.xctest */,
			);
			name = Products;
			sourceTree = "<group>";
		};
		F76F507725D7310E0096A5D2 /* Flix */ = {
			isa = PBXGroup;
			children = (
				F76F507825D7310E0096A5D2 /* AppDelegate.swift */,
				F76F507A25D7310E0096A5D2 /* SceneDelegate.swift */,
				F76F507C25D7310E0096A5D2 /* ViewController.swift */,
				F76F507E25D7310E0096A5D2 /* Main.storyboard */,
				F76F508125D731110096A5D2 /* Assets.xcassets */,
				F76F508625D731110096A5D2 /* Info.plist */,
				F76F508325D731110096A5D2 /* LaunchScreen.storyboard */,
				F76F50AB25D759A70096A5D2 /* MovieViewController.swift */,
				F71CC00025D77D150043146D /* MovieCell.swift */,
				F7AD3C5F25E08B7E00EE2488 /* MovieDetailsViewController.swift */,
				F7AD3C6725E0B9C200EE2488 /* MovieGridViewController.swift */,
				F7AD3C7425E0C20900EE2488 /* MovieGridCell.swift */,
			);
			path = Flix;
			sourceTree = "<group>";
		};
		F76F508E25D731110096A5D2 /* FlixTests */ = {
			isa = PBXGroup;
			children = (
				F76F508F25D731110096A5D2 /* FlixTests.swift */,
				F76F509125D731110096A5D2 /* Info.plist */,
			);
			path = FlixTests;
			sourceTree = "<group>";
		};
		F76F509925D731110096A5D2 /* FlixUITests */ = {
			isa = PBXGroup;
			children = (
				F76F509A25D731110096A5D2 /* FlixUITests.swift */,
				F76F509C25D731110096A5D2 /* Info.plist */,
			);
			path = FlixUITests;
			sourceTree = "<group>";
		};
/* End PBXGroup section */

/* Begin PBXNativeTarget section */
		F76F507425D7310E0096A5D2 /* Flix */ = {
			isa = PBXNativeTarget;
			buildConfigurationList = F76F509F25D731110096A5D2 /* Build configuration list for PBXNativeTarget "Flix" */;
			buildPhases = (
				4A0936F40DE85386322D961F /* [CP] Check Pods Manifest.lock */,
				F76F507125D7310E0096A5D2 /* Sources */,
				F76F507225D7310E0096A5D2 /* Frameworks */,
				F76F507325D7310E0096A5D2 /* Resources */,
				EDB6710746C0A69A447EFAF0 /* [CP] Embed Pods Frameworks */,
			);
			buildRules = (
			);
			dependencies = (
			);
			name = Flix;
			productName = Flix;
			productReference = F76F507525D7310E0096A5D2 /* Flix.app */;
			productType = "com.apple.product-type.application";
		};
		F76F508A25D731110096A5D2 /* FlixTests */ = {
			isa = PBXNativeTarget;
			buildConfigurationList = F76F50A225D731110096A5D2 /* Build configuration list for PBXNativeTarget "FlixTests" */;
			buildPhases = (
				80CB2890E783C7874201A22B /* [CP] Check Pods Manifest.lock */,
				F76F508725D731110096A5D2 /* Sources */,
				F76F508825D731110096A5D2 /* Frameworks */,
				F76F508925D731110096A5D2 /* Resources */,
			);
			buildRules = (
			);
			dependencies = (
				F76F508D25D731110096A5D2 /* PBXTargetDependency */,
			);
			name = FlixTests;
			productName = FlixTests;
			productReference = F76F508B25D731110096A5D2 /* FlixTests.xctest */;
			productType = "com.apple.product-type.bundle.unit-test";
		};
		F76F509525D731110096A5D2 /* FlixUITests */ = {
			isa = PBXNativeTarget;
			buildConfigurationList = F76F50A525D731110096A5D2 /* Build configuration list for PBXNativeTarget "FlixUITests" */;
			buildPhases = (
				772DA34128D8968F8DE275BC /* [CP] Check Pods Manifest.lock */,
				F76F509225D731110096A5D2 /* Sources */,
				F76F509325D731110096A5D2 /* Frameworks */,
				F76F509425D731110096A5D2 /* Resources */,
				5281D5FC1D1EA807AA236ACF /* [CP] Embed Pods Frameworks */,
			);
			buildRules = (
			);
			dependencies = (
				F76F509825D731110096A5D2 /* PBXTargetDependency */,
			);
			name = FlixUITests;
			productName = FlixUITests;
			productReference = F76F509625D731110096A5D2 /* FlixUITests.xctest */;
			productType = "com.apple.product-type.bundle.ui-testing";
		};
/* End PBXNativeTarget section */

/* Begin PBXProject section */
		F76F506D25D7310E0096A5D2 /* Project object */ = {
			isa = PBXProject;
			attributes = {
				LastSwiftUpdateCheck = 1240;
				LastUpgradeCheck = 1240;
				TargetAttributes = {
					F76F507425D7310E0096A5D2 = {
						CreatedOnToolsVersion = 12.4;
					};
					F76F508A25D731110096A5D2 = {
						CreatedOnToolsVersion = 12.4;
						TestTargetID = F76F507425D7310E0096A5D2;
					};
					F76F509525D731110096A5D2 = {
						CreatedOnToolsVersion = 12.4;
						TestTargetID = F76F507425D7310E0096A5D2;
					};
				};
			};
			buildConfigurationList = F76F507025D7310E0096A5D2 /* Build configuration list for PBXProject "Flix" */;
			compatibilityVersion = "Xcode 9.3";
			developmentRegion = en;
			hasScannedForEncodings = 0;
			knownRegions = (
				en,
				Base,
			);
			mainGroup = F76F506C25D7310E0096A5D2;
			productRefGroup = F76F507625D7310E0096A5D2 /* Products */;
			projectDirPath = "";
			projectRoot = "";
			targets = (
				F76F507425D7310E0096A5D2 /* Flix */,
				F76F508A25D731110096A5D2 /* FlixTests */,
				F76F509525D731110096A5D2 /* FlixUITests */,
			);
		};
/* End PBXProject section */

/* Begin PBXResourcesBuildPhase section */
		F76F507325D7310E0096A5D2 /* Resources */ = {
			isa = PBXResourcesBuildPhase;
			buildActionMask = 2147483647;
			files = (
				F76F508525D731110096A5D2 /* LaunchScreen.storyboard in Resources */,
				F76F508225D731110096A5D2 /* Assets.xcassets in Resources */,
				F76F508025D7310E0096A5D2 /* Main.storyboard in Resources */,
			);
			runOnlyForDeploymentPostprocessing = 0;
		};
		F76F508925D731110096A5D2 /* Resources */ = {
			isa = PBXResourcesBuildPhase;
			buildActionMask = 2147483647;
			files = (
			);
			runOnlyForDeploymentPostprocessing = 0;
		};
		F76F509425D731110096A5D2 /* Resources */ = {
			isa = PBXResourcesBuildPhase;
			buildActionMask = 2147483647;
			files = (
			);
			runOnlyForDeploymentPostprocessing = 0;
		};
/* End PBXResourcesBuildPhase section */

/* Begin PBXShellScriptBuildPhase section */
		4A0936F40DE85386322D961F /* [CP] Check Pods Manifest.lock */ = {
			isa = PBXShellScriptBuildPhase;
			buildActionMask = 2147483647;
			files = (
			);
			inputFileListPaths = (
			);
			inputPaths = (
				"${PODS_PODFILE_DIR_PATH}/Podfile.lock",
				"${PODS_ROOT}/Manifest.lock",
			);
			name = "[CP] Check Pods Manifest.lock";
			outputFileListPaths = (
			);
			outputPaths = (
				"$(DERIVED_FILE_DIR)/Pods-Flix-checkManifestLockResult.txt",
			);
			runOnlyForDeploymentPostprocessing = 0;
			shellPath = /bin/sh;
			shellScript = "diff \"${PODS_PODFILE_DIR_PATH}/Podfile.lock\" \"${PODS_ROOT}/Manifest.lock\" > /dev/null\nif [ $? != 0 ] ; then\n    # print error to STDERR\n    echo \"error: The sandbox is not in sync with the Podfile.lock. Run 'pod install' or update your CocoaPods installation.\" >&2\n    exit 1\nfi\n# This output is used by Xcode 'outputs' to avoid re-running this script phase.\necho \"SUCCESS\" > \"${SCRIPT_OUTPUT_FILE_0}\"\n";
			showEnvVarsInLog = 0;
		};
		5281D5FC1D1EA807AA236ACF /* [CP] Embed Pods Frameworks */ = {
			isa = PBXShellScriptBuildPhase;
			buildActionMask = 2147483647;
			files = (
			);
			inputFileListPaths = (
				"${PODS_ROOT}/Target Support Files/Pods-Flix-FlixUITests/Pods-Flix-FlixUITests-frameworks-${CONFIGURATION}-input-files.xcfilelist",
			);
			name = "[CP] Embed Pods Frameworks";
			outputFileListPaths = (
				"${PODS_ROOT}/Target Support Files/Pods-Flix-FlixUITests/Pods-Flix-FlixUITests-frameworks-${CONFIGURATION}-output-files.xcfilelist",
			);
			runOnlyForDeploymentPostprocessing = 0;
			shellPath = /bin/sh;
			shellScript = "\"${PODS_ROOT}/Target Support Files/Pods-Flix-FlixUITests/Pods-Flix-FlixUITests-frameworks.sh\"\n";
			showEnvVarsInLog = 0;
		};
		772DA34128D8968F8DE275BC /* [CP] Check Pods Manifest.lock */ = {
			isa = PBXShellScriptBuildPhase;
			buildActionMask = 2147483647;
			files = (
			);
			inputFileListPaths = (
			);
			inputPaths = (
				"${PODS_PODFILE_DIR_PATH}/Podfile.lock",
				"${PODS_ROOT}/Manifest.lock",
			);
			name = "[CP] Check Pods Manifest.lock";
			outputFileListPaths = (
			);
			outputPaths = (
				"$(DERIVED_FILE_DIR)/Pods-Flix-FlixUITests-checkManifestLockResult.txt",
			);
			runOnlyForDeploymentPostprocessing = 0;
			shellPath = /bin/sh;
			shellScript = "diff \"${PODS_PODFILE_DIR_PATH}/Podfile.lock\" \"${PODS_ROOT}/Manifest.lock\" > /dev/null\nif [ $? != 0 ] ; then\n    # print error to STDERR\n    echo \"error: The sandbox is not in sync with the Podfile.lock. Run 'pod install' or update your CocoaPods installation.\" >&2\n    exit 1\nfi\n# This output is used by Xcode 'outputs' to avoid re-running this script phase.\necho \"SUCCESS\" > \"${SCRIPT_OUTPUT_FILE_0}\"\n";
			showEnvVarsInLog = 0;
		};
		80CB2890E783C7874201A22B /* [CP] Check Pods Manifest.lock */ = {
			isa = PBXShellScriptBuildPhase;
			buildActionMask = 2147483647;
			files = (
			);
			inputFileListPaths = (
			);
			inputPaths = (
				"${PODS_PODFILE_DIR_PATH}/Podfile.lock",
				"${PODS_ROOT}/Manifest.lock",
			);
			name = "[CP] Check Pods Manifest.lock";
			outputFileListPaths = (
			);
			outputPaths = (
				"$(DERIVED_FILE_DIR)/Pods-FlixTests-checkManifestLockResult.txt",
			);
			runOnlyForDeploymentPostprocessing = 0;
			shellPath = /bin/sh;
			shellScript = "diff \"${PODS_PODFILE_DIR_PATH}/Podfile.lock\" \"${PODS_ROOT}/Manifest.lock\" > /dev/null\nif [ $? != 0 ] ; then\n    # print error to STDERR\n    echo \"error: The sandbox is not in sync with the Podfile.lock. Run 'pod install' or update your CocoaPods installation.\" >&2\n    exit 1\nfi\n# This output is used by Xcode 'outputs' to avoid re-running this script phase.\necho \"SUCCESS\" > \"${SCRIPT_OUTPUT_FILE_0}\"\n";
			showEnvVarsInLog = 0;
		};
		EDB6710746C0A69A447EFAF0 /* [CP] Embed Pods Frameworks */ = {
			isa = PBXShellScriptBuildPhase;
			buildActionMask = 2147483647;
			files = (
			);
			inputFileListPaths = (
				"${PODS_ROOT}/Target Support Files/Pods-Flix/Pods-Flix-frameworks-${CONFIGURATION}-input-files.xcfilelist",
			);
			name = "[CP] Embed Pods Frameworks";
			outputFileListPaths = (
				"${PODS_ROOT}/Target Support Files/Pods-Flix/Pods-Flix-frameworks-${CONFIGURATION}-output-files.xcfilelist",
			);
			runOnlyForDeploymentPostprocessing = 0;
			shellPath = /bin/sh;
			shellScript = "\"${PODS_ROOT}/Target Support Files/Pods-Flix/Pods-Flix-frameworks.sh\"\n";
			showEnvVarsInLog = 0;
		};
/* End PBXShellScriptBuildPhase section */

/* Begin PBXSourcesBuildPhase section */
		F76F507125D7310E0096A5D2 /* Sources */ = {
			isa = PBXSourcesBuildPhase;
			buildActionMask = 2147483647;
			files = (
				F76F507D25D7310E0096A5D2 /* ViewController.swift in Sources */,
				F76F507925D7310E0096A5D2 /* AppDelegate.swift in Sources */,
				F7AD3C6025E08B7E00EE2488 /* MovieDetailsViewController.swift in Sources */,
				F7AD3C6825E0B9C200EE2488 /* MovieGridViewController.swift in Sources */,
				F7AD3C7525E0C20900EE2488 /* MovieGridCell.swift in Sources */,
				F76F507B25D7310E0096A5D2 /* SceneDelegate.swift in Sources */,
				F71CC00125D77D150043146D /* MovieCell.swift in Sources */,
				F76F50AC25D759A70096A5D2 /* MovieViewController.swift in Sources */,
			);
			runOnlyForDeploymentPostprocessing = 0;
		};
		F76F508725D731110096A5D2 /* Sources */ = {
			isa = PBXSourcesBuildPhase;
			buildActionMask = 2147483647;
			files = (
				F76F509025D731110096A5D2 /* FlixTests.swift in Sources */,
			);
			runOnlyForDeploymentPostprocessing = 0;
		};
		F76F509225D731110096A5D2 /* Sources */ = {
			isa = PBXSourcesBuildPhase;
			buildActionMask = 2147483647;
			files = (
				F76F509B25D731110096A5D2 /* FlixUITests.swift in Sources */,
			);
			runOnlyForDeploymentPostprocessing = 0;
		};
/* End PBXSourcesBuildPhase section */

/* Begin PBXTargetDependency section */
		F76F508D25D731110096A5D2 /* PBXTargetDependency */ = {
			isa = PBXTargetDependency;
			target = F76F507425D7310E0096A5D2 /* Flix */;
			targetProxy = F76F508C25D731110096A5D2 /* PBXContainerItemProxy */;
		};
		F76F509825D731110096A5D2 /* PBXTargetDependency */ = {
			isa = PBXTargetDependency;
			target = F76F507425D7310E0096A5D2 /* Flix */;
			targetProxy = F76F509725D731110096A5D2 /* PBXContainerItemProxy */;
		};
/* End PBXTargetDependency section */

/* Begin PBXVariantGroup section */
		F76F507E25D7310E0096A5D2 /* Main.storyboard */ = {
			isa = PBXVariantGroup;
			children = (
				F76F507F25D7310E0096A5D2 /* Base */,
			);
			name = Main.storyboard;
			sourceTree = "<group>";
		};
		F76F508325D731110096A5D2 /* LaunchScreen.storyboard */ = {
			isa = PBXVariantGroup;
			children = (
				F76F508425D731110096A5D2 /* Base */,
			);
			name = LaunchScreen.storyboard;
			sourceTree = "<group>";
		};
/* End PBXVariantGroup section */

/* Begin XCBuildConfiguration section */
		F76F509D25D731110096A5D2 /* Debug */ = {
			isa = XCBuildConfiguration;
			buildSettings = {
				ALWAYS_SEARCH_USER_PATHS = NO;
				CLANG_ANALYZER_NONNULL = YES;
				CLANG_ANALYZER_NUMBER_OBJECT_CONVERSION = YES_AGGRESSIVE;
				CLANG_CXX_LANGUAGE_STANDARD = "gnu++14";
				CLANG_CXX_LIBRARY = "libc++";
				CLANG_ENABLE_MODULES = YES;
				CLANG_ENABLE_OBJC_ARC = YES;
				CLANG_ENABLE_OBJC_WEAK = YES;
				CLANG_WARN_BLOCK_CAPTURE_AUTORELEASING = YES;
				CLANG_WARN_BOOL_CONVERSION = YES;
				CLANG_WARN_COMMA = YES;
				CLANG_WARN_CONSTANT_CONVERSION = YES;
				CLANG_WARN_DEPRECATED_OBJC_IMPLEMENTATIONS = YES;
				CLANG_WARN_DIRECT_OBJC_ISA_USAGE = YES_ERROR;
				CLANG_WARN_DOCUMENTATION_COMMENTS = YES;
				CLANG_WARN_EMPTY_BODY = YES;
				CLANG_WARN_ENUM_CONVERSION = YES;
				CLANG_WARN_INFINITE_RECURSION = YES;
				CLANG_WARN_INT_CONVERSION = YES;
				CLANG_WARN_NON_LITERAL_NULL_CONVERSION = YES;
				CLANG_WARN_OBJC_IMPLICIT_RETAIN_SELF = YES;
				CLANG_WARN_OBJC_LITERAL_CONVERSION = YES;
				CLANG_WARN_OBJC_ROOT_CLASS = YES_ERROR;
				CLANG_WARN_QUOTED_INCLUDE_IN_FRAMEWORK_HEADER = YES;
				CLANG_WARN_RANGE_LOOP_ANALYSIS = YES;
				CLANG_WARN_STRICT_PROTOTYPES = YES;
				CLANG_WARN_SUSPICIOUS_MOVE = YES;
				CLANG_WARN_UNGUARDED_AVAILABILITY = YES_AGGRESSIVE;
				CLANG_WARN_UNREACHABLE_CODE = YES;
				CLANG_WARN__DUPLICATE_METHOD_MATCH = YES;
				COPY_PHASE_STRIP = NO;
				DEBUG_INFORMATION_FORMAT = dwarf;
				ENABLE_STRICT_OBJC_MSGSEND = YES;
				ENABLE_TESTABILITY = YES;
				GCC_C_LANGUAGE_STANDARD = gnu11;
				GCC_DYNAMIC_NO_PIC = NO;
				GCC_NO_COMMON_BLOCKS = YES;
				GCC_OPTIMIZATION_LEVEL = 0;
				GCC_PREPROCESSOR_DEFINITIONS = (
					"DEBUG=1",
					"$(inherited)",
				);
				GCC_WARN_64_TO_32_BIT_CONVERSION = YES;
				GCC_WARN_ABOUT_RETURN_TYPE = YES_ERROR;
				GCC_WARN_UNDECLARED_SELECTOR = YES;
				GCC_WARN_UNINITIALIZED_AUTOS = YES_AGGRESSIVE;
				GCC_WARN_UNUSED_FUNCTION = YES;
				GCC_WARN_UNUSED_VARIABLE = YES;
				IPHONEOS_DEPLOYMENT_TARGET = 14.4;
				MTL_ENABLE_DEBUG_INFO = INCLUDE_SOURCE;
				MTL_FAST_MATH = YES;
				ONLY_ACTIVE_ARCH = YES;
				SDKROOT = iphoneos;
				SWIFT_ACTIVE_COMPILATION_CONDITIONS = DEBUG;
				SWIFT_OPTIMIZATION_LEVEL = "-Onone";
			};
			name = Debug;
		};
		F76F509E25D731110096A5D2 /* Release */ = {
			isa = XCBuildConfiguration;
			buildSettings = {
				ALWAYS_SEARCH_USER_PATHS = NO;
				CLANG_ANALYZER_NONNULL = YES;
				CLANG_ANALYZER_NUMBER_OBJECT_CONVERSION = YES_AGGRESSIVE;
				CLANG_CXX_LANGUAGE_STANDARD = "gnu++14";
				CLANG_CXX_LIBRARY = "libc++";
				CLANG_ENABLE_MODULES = YES;
				CLANG_ENABLE_OBJC_ARC = YES;
				CLANG_ENABLE_OBJC_WEAK = YES;
				CLANG_WARN_BLOCK_CAPTURE_AUTORELEASING = YES;
				CLANG_WARN_BOOL_CONVERSION = YES;
				CLANG_WARN_COMMA = YES;
				CLANG_WARN_CONSTANT_CONVERSION = YES;
				CLANG_WARN_DEPRECATED_OBJC_IMPLEMENTATIONS = YES;
				CLANG_WARN_DIRECT_OBJC_ISA_USAGE = YES_ERROR;
				CLANG_WARN_DOCUMENTATION_COMMENTS = YES;
				CLANG_WARN_EMPTY_BODY = YES;
				CLANG_WARN_ENUM_CONVERSION = YES;
				CLANG_WARN_INFINITE_RECURSION = YES;
				CLANG_WARN_INT_CONVERSION = YES;
				CLANG_WARN_NON_LITERAL_NULL_CONVERSION = YES;
				CLANG_WARN_OBJC_IMPLICIT_RETAIN_SELF = YES;
				CLANG_WARN_OBJC_LITERAL_CONVERSION = YES;
				CLANG_WARN_OBJC_ROOT_CLASS = YES_ERROR;
				CLANG_WARN_QUOTED_INCLUDE_IN_FRAMEWORK_HEADER = YES;
				CLANG_WARN_RANGE_LOOP_ANALYSIS = YES;
				CLANG_WARN_STRICT_PROTOTYPES = YES;
				CLANG_WARN_SUSPICIOUS_MOVE = YES;
				CLANG_WARN_UNGUARDED_AVAILABILITY = YES_AGGRESSIVE;
				CLANG_WARN_UNREACHABLE_CODE = YES;
				CLANG_WARN__DUPLICATE_METHOD_MATCH = YES;
				COPY_PHASE_STRIP = NO;
				DEBUG_INFORMATION_FORMAT = "dwarf-with-dsym";
				ENABLE_NS_ASSERTIONS = NO;
				ENABLE_STRICT_OBJC_MSGSEND = YES;
				GCC_C_LANGUAGE_STANDARD = gnu11;
				GCC_NO_COMMON_BLOCKS = YES;
				GCC_WARN_64_TO_32_BIT_CONVERSION = YES;
				GCC_WARN_ABOUT_RETURN_TYPE = YES_ERROR;
				GCC_WARN_UNDECLARED_SELECTOR = YES;
				GCC_WARN_UNINITIALIZED_AUTOS = YES_AGGRESSIVE;
				GCC_WARN_UNUSED_FUNCTION = YES;
				GCC_WARN_UNUSED_VARIABLE = YES;
				IPHONEOS_DEPLOYMENT_TARGET = 14.4;
				MTL_ENABLE_DEBUG_INFO = NO;
				MTL_FAST_MATH = YES;
				SDKROOT = iphoneos;
				SWIFT_COMPILATION_MODE = wholemodule;
				SWIFT_OPTIMIZATION_LEVEL = "-O";
				VALIDATE_PRODUCT = YES;
			};
			name = Release;
		};
		F76F50A025D731110096A5D2 /* Debug */ = {
			isa = XCBuildConfiguration;
			baseConfigurationReference = A95D998F2E86FF1138E3EF1C /* Pods-Flix.debug.xcconfig */;
			buildSettings = {
				ASSETCATALOG_COMPILER_APPICON_NAME = AppIcon;
				ASSETCATALOG_COMPILER_GLOBAL_ACCENT_COLOR_NAME = AccentColor;
				CODE_SIGN_STYLE = Automatic;
				INFOPLIST_FILE = Flix/Info.plist;
				LD_RUNPATH_SEARCH_PATHS = (
					"$(inherited)",
					"@executable_path/Frameworks",
				);
				PRODUCT_BUNDLE_IDENTIFIER = "amahi2001-live.com.Flix";
				PRODUCT_NAME = "$(TARGET_NAME)";
				SWIFT_VERSION = 5.0;
				TARGETED_DEVICE_FAMILY = "1,2";
			};
			name = Debug;
		};
		F76F50A125D731110096A5D2 /* Release */ = {
			isa = XCBuildConfiguration;
			baseConfigurationReference = BC0FA23A81CABB0A45D2FB5A /* Pods-Flix.release.xcconfig */;
			buildSettings = {
				ASSETCATALOG_COMPILER_APPICON_NAME = AppIcon;
				ASSETCATALOG_COMPILER_GLOBAL_ACCENT_COLOR_NAME = AccentColor;
				CODE_SIGN_STYLE = Automatic;
				INFOPLIST_FILE = Flix/Info.plist;
				LD_RUNPATH_SEARCH_PATHS = (
					"$(inherited)",
					"@executable_path/Frameworks",
				);
				PRODUCT_BUNDLE_IDENTIFIER = "amahi2001-live.com.Flix";
				PRODUCT_NAME = "$(TARGET_NAME)";
				SWIFT_VERSION = 5.0;
				TARGETED_DEVICE_FAMILY = "1,2";
			};
			name = Release;
		};
		F76F50A325D731110096A5D2 /* Debug */ = {
			isa = XCBuildConfiguration;
			baseConfigurationReference = 17CD7EADB7CE6B2D0C2EC800 /* Pods-FlixTests.debug.xcconfig */;
			buildSettings = {
				ALWAYS_EMBED_SWIFT_STANDARD_LIBRARIES = YES;
				BUNDLE_LOADER = "$(TEST_HOST)";
				CODE_SIGN_STYLE = Automatic;
				INFOPLIST_FILE = FlixTests/Info.plist;
				IPHONEOS_DEPLOYMENT_TARGET = 14.4;
				LD_RUNPATH_SEARCH_PATHS = (
					"$(inherited)",
					"@executable_path/Frameworks",
					"@loader_path/Frameworks",
				);
				PRODUCT_BUNDLE_IDENTIFIER = "amahi2001-live.com.FlixTests";
				PRODUCT_NAME = "$(TARGET_NAME)";
				SWIFT_VERSION = 5.0;
				TARGETED_DEVICE_FAMILY = "1,2";
				TEST_HOST = "$(BUILT_PRODUCTS_DIR)/Flix.app/Flix";
			};
			name = Debug;
		};
		F76F50A425D731110096A5D2 /* Release */ = {
			isa = XCBuildConfiguration;
			baseConfigurationReference = A3B8066BE113507BC72BB12A /* Pods-FlixTests.release.xcconfig */;
			buildSettings = {
				ALWAYS_EMBED_SWIFT_STANDARD_LIBRARIES = YES;
				BUNDLE_LOADER = "$(TEST_HOST)";
				CODE_SIGN_STYLE = Automatic;
				INFOPLIST_FILE = FlixTests/Info.plist;
				IPHONEOS_DEPLOYMENT_TARGET = 14.4;
				LD_RUNPATH_SEARCH_PATHS = (
					"$(inherited)",
					"@executable_path/Frameworks",
					"@loader_path/Frameworks",
				);
				PRODUCT_BUNDLE_IDENTIFIER = "amahi2001-live.com.FlixTests";
				PRODUCT_NAME = "$(TARGET_NAME)";
				SWIFT_VERSION = 5.0;
				TARGETED_DEVICE_FAMILY = "1,2";
				TEST_HOST = "$(BUILT_PRODUCTS_DIR)/Flix.app/Flix";
			};
			name = Release;
		};
		F76F50A625D731110096A5D2 /* Debug */ = {
			isa = XCBuildConfiguration;
			baseConfigurationReference = C023E2828161DD9706672C08 /* Pods-Flix-FlixUITests.debug.xcconfig */;
			buildSettings = {
				ALWAYS_EMBED_SWIFT_STANDARD_LIBRARIES = YES;
				CODE_SIGN_STYLE = Automatic;
				INFOPLIST_FILE = FlixUITests/Info.plist;
				LD_RUNPATH_SEARCH_PATHS = (
					"$(inherited)",
					"@executable_path/Frameworks",
					"@loader_path/Frameworks",
				);
				PRODUCT_BUNDLE_IDENTIFIER = "amahi2001-live.com.FlixUITests";
				PRODUCT_NAME = "$(TARGET_NAME)";
				SWIFT_VERSION = 5.0;
				TARGETED_DEVICE_FAMILY = "1,2";
				TEST_TARGET_NAME = Flix;
			};
			name = Debug;
		};
		F76F50A725D731110096A5D2 /* Release */ = {
			isa = XCBuildConfiguration;
			baseConfigurationReference = 7916B0A9E4A0B7BE408A91CB /* Pods-Flix-FlixUITests.release.xcconfig */;
			buildSettings = {
				ALWAYS_EMBED_SWIFT_STANDARD_LIBRARIES = YES;
				CODE_SIGN_STYLE = Automatic;
				INFOPLIST_FILE = FlixUITests/Info.plist;
				LD_RUNPATH_SEARCH_PATHS = (
					"$(inherited)",
					"@executable_path/Frameworks",
					"@loader_path/Frameworks",
				);
				PRODUCT_BUNDLE_IDENTIFIER = "amahi2001-live.com.FlixUITests";
				PRODUCT_NAME = "$(TARGET_NAME)";
				SWIFT_VERSION = 5.0;
				TARGETED_DEVICE_FAMILY = "1,2";
				TEST_TARGET_NAME = Flix;
			};
			name = Release;
		};
/* End XCBuildConfiguration section */

/* Begin XCConfigurationList section */
		F76F507025D7310E0096A5D2 /* Build configuration list for PBXProject "Flix" */ = {
			isa = XCConfigurationList;
			buildConfigurations = (
				F76F509D25D731110096A5D2 /* Debug */,
				F76F509E25D731110096A5D2 /* Release */,
			);
			defaultConfigurationIsVisible = 0;
			defaultConfigurationName = Release;
		};
		F76F509F25D731110096A5D2 /* Build configuration list for PBXNativeTarget "Flix" */ = {
			isa = XCConfigurationList;
			buildConfigurations = (
				F76F50A025D731110096A5D2 /* Debug */,
				F76F50A125D731110096A5D2 /* Release */,
			);
			defaultConfigurationIsVisible = 0;
			defaultConfigurationName = Release;
		};
		F76F50A225D731110096A5D2 /* Build configuration list for PBXNativeTarget "FlixTests" */ = {
			isa = XCConfigurationList;
			buildConfigurations = (
				F76F50A325D731110096A5D2 /* Debug */,
				F76F50A425D731110096A5D2 /* Release */,
			);
			defaultConfigurationIsVisible = 0;
			defaultConfigurationName = Release;
		};
		F76F50A525D731110096A5D2 /* Build configuration list for PBXNativeTarget "FlixUITests" */ = {
			isa = XCConfigurationList;
			buildConfigurations = (
				F76F50A625D731110096A5D2 /* Debug */,
				F76F50A725D731110096A5D2 /* Release */,
			);
			defaultConfigurationIsVisible = 0;
			defaultConfigurationName = Release;
		};
/* End XCConfigurationList section */
	};
	rootObject = F76F506D25D7310E0096A5D2 /* Project object */;
}
